# THIS IS AN AUTOGENERATED FILE. DO NOT EDIT THIS FILE DIRECTLY.
# yarn lockfile v1


"@types/bluebird@*":
  version "3.5.26"
  resolved "https://registry.yarnpkg.com/@types/bluebird/-/bluebird-3.5.26.tgz#a38c438ae84fa02431d6892edf86e46edcbca291"

"@types/events@*":
  version "3.0.0"
  resolved "https://registry.yarnpkg.com/@types/events/-/events-3.0.0.tgz#2862f3f58a9a7f7c3e78d79f130dd4d71c25c2a7"

"@types/ioredis@^4.17":
  version "4.17.4"
  resolved "https://registry.yarnpkg.com/@types/ioredis/-/ioredis-4.17.4.tgz#e4c2d8d51ecb1f4752b660f8e19b88b1c5329b2e"
  integrity sha512-kb5+thmQJ7HHyOAnCOeqRJlF2fyvadHghnLLLKZzCNyShStJeIQtNGGDjA30gWqj6UFSDAWBfGEMKrFDrGfvzQ==
  dependencies:
    "@types/node" "*"

"@types/node@*":
  version "11.11.3"
  resolved "https://registry.yarnpkg.com/@types/node/-/node-11.11.3.tgz#7c6b0f8eaf16ae530795de2ad1b85d34bf2f5c58"

"@types/node@^12":
  version "12.12.62"
  resolved "https://registry.yarnpkg.com/@types/node/-/node-12.12.62.tgz#733923d73669188d35950253dd18a21570085d2b"
  integrity sha512-qAfo81CsD7yQIM9mVyh6B/U47li5g7cfpVQEDMfQeF8pSZVwzbhwU3crc0qG4DmpsebpJPR49AKOExQyJ05Cpg==

"@types/redlock@^3.0.2":
  version "3.0.2"
  resolved "https://registry.yarnpkg.com/@types/redlock/-/redlock-3.0.2.tgz#bfced314aa221724a7a88c45170fa7e33c6b2216"
  dependencies:
    "@types/bluebird" "*"
    "@types/events" "*"

"@types/socket.io@^2.1.2":
  version "2.1.2"
  resolved "https://registry.yarnpkg.com/@types/socket.io/-/socket.io-2.1.2.tgz#7165c2587cc3b86b44aa78e2a0060140551de211"
  dependencies:
    "@types/node" "*"

bluebird@^3.3.3:
  version "3.5.3"
  resolved "https://registry.yarnpkg.com/bluebird/-/bluebird-3.5.3.tgz#7d01c6f9616c9a51ab0f8c549a79dfe6ec33efa7"

debug@^4.1.1:
  version "4.3.1"
  resolved "https://registry.yarnpkg.com/debug/-/debug-4.3.1.tgz#f0d229c505e0c6d8c49ac553d1b13dc183f6b2ee"
  integrity sha512-doEwdvm4PCeK4K3RQN2ZC2BYUBaxwLARCqZmMjtF8a51J2Rb0xpVloFRnCODwqjpwnAoao4pelN8l3RJdv3gRQ==
  dependencies:
    ms "2.1.2"

ms@2.1.2:
  version "2.1.2"
  resolved "https://registry.yarnpkg.com/ms/-/ms-2.1.2.tgz#d09d1f357b443f493382a8eb3ccd183872ae6009"
  integrity sha512-sGkPx+VjMtmA6MX27oA4FBFELFCZZ4S4XqeGOXCv68tT+jb3vk/RyaKWP0PTKyWtmLSM0b+adUTEvbs1PEaH2w==

redlock@^3.1.2:
  version "3.1.2"
  resolved "https://registry.yarnpkg.com/redlock/-/redlock-3.1.2.tgz#27c82534da8548027aa8d61084a08078ae74ed36"
  dependencies:
    bluebird "^3.3.3"

redux-socket-client@^0.1.13:
  version "0.1.13"
  resolved "https://registry.yarnpkg.com/redux-socket-client/-/redux-socket-client-0.1.13.tgz#9c7c2bdbf630098fe418ed550b92f28573a2f849"
  integrity sha512-X/g2nzYkSt+6uXNf3+qPTnj6xALh65fGqydICV8djSnbhIBVwISD97qzp+67WG21t3eie6UqXfIEY6KlORiTpw==
