# THIS IS AN AUTOGENERATED FILE. DO NOT EDIT THIS FILE DIRECTLY.
# yarn lockfile v1


"@types/node@^10.3.1":
  version "10.3.1"
  resolved "https://registry.yarnpkg.com/@types/node/-/node-10.3.1.tgz#51092fbacaed768a122a293814474fbf6e5e8b6d"

redux-socket-client@^0.0.9:
  version "0.0.9"
  resolved "https://registry.yarnpkg.com/redux-socket-client/-/redux-socket-client-0.0.9.tgz#e2dc2447b4b4420f4e1f11a5fdeb71e8e42f8650"
