# THIS IS AN AUTOGENERATED FILE. DO NOT EDIT THIS FILE DIRECTLY.
# yarn lockfile v1


"@types/bluebird@*":
  version "3.5.26"
  resolved "https://registry.yarnpkg.com/@types/bluebird/-/bluebird-3.5.26.tgz#a38c438ae84fa02431d6892edf86e46edcbca291"
  integrity sha512-aj2mrBLn5ky0GmAg6IPXrQjnN0iB/ulozuJ+oZdrHRAzRbXjGmu4UXsNCjFvPbSaaPZmniocdOzsM392qLOlmQ==

"@types/events@*":
  version "3.0.0"
  resolved "https://registry.yarnpkg.com/@types/events/-/events-3.0.0.tgz#2862f3f58a9a7f7c3e78d79f130dd4d71c25c2a7"
  integrity sha512-EaObqwIvayI5a8dCzhFrjKzVwKLxjoG9T6Ppd5CEo07LRKfQ8Yokw54r5+Wq7FaBQ+yXRvQAYPrHwya1/UFt9g==

"@types/node@*":
  version "11.11.3"
  resolved "https://registry.yarnpkg.com/@types/node/-/node-11.11.3.tgz#7c6b0f8eaf16ae530795de2ad1b85d34bf2f5c58"
  integrity sha512-wp6IOGu1lxsfnrD+5mX6qwSwWuqsdkKKxTN4aQc4wByHAKZJf9/D4KXPQ1POUjEbnCP5LMggB0OEFNY9OTsMqg==

"@types/node@^10.3.1":
  version "10.3.1"
  resolved "https://registry.yarnpkg.com/@types/node/-/node-10.3.1.tgz#51092fbacaed768a122a293814474fbf6e5e8b6d"

"@types/redis@^2.8.11":
  version "2.8.11"
  resolved "https://registry.yarnpkg.com/@types/redis/-/redis-2.8.11.tgz#103b6b165edf037dd9f50216690cf8e0045f076d"
  integrity sha512-i0AqDzjX0FlO+npqkhl1etZw1fGnJc0IeHUHKAf/V7Drk+rDJI634GE9Lwh8aj/2ahuW6jHdWX4ZnyNofWXKrw==
  dependencies:
    "@types/node" "*"

"@types/redlock@^3.0.2":
  version "3.0.2"
  resolved "https://registry.yarnpkg.com/@types/redlock/-/redlock-3.0.2.tgz#bfced314aa221724a7a88c45170fa7e33c6b2216"
  integrity sha512-U7RtmT2UkJvQiOIYVh+pNixcYG9XoSbsak0BLxB549wW9Vg0F+ggLh2z9LPT+WcTmX5j7BSKCV8u4scmk7htPw==
  dependencies:
    "@types/bluebird" "*"
    "@types/events" "*"

"@types/socket.io@^2.1.2":
  version "2.1.2"
  resolved "https://registry.yarnpkg.com/@types/socket.io/-/socket.io-2.1.2.tgz#7165c2587cc3b86b44aa78e2a0060140551de211"
  integrity sha512-Ind+4qMNfQ62llyB4IMs1D8znMEBsMKohZBPqfBUIXqLQ9bdtWIbNTBWwtdcBWJKnokMZGcmWOOKslatni5vtA==
  dependencies:
    "@types/node" "*"

bluebird@^3.3.3:
  version "3.5.3"
  resolved "https://registry.yarnpkg.com/bluebird/-/bluebird-3.5.3.tgz#7d01c6f9616c9a51ab0f8c549a79dfe6ec33efa7"
  integrity sha512-/qKPUQlaW1OyR51WeCPBvRnAlnZFUJkCSG5HzGnuIqhgyJtF+T94lFnn33eiazjRm2LAHVy2guNnaq48X9SJuw==

debug@^4.1.1:
  version "4.1.1"
  resolved "https://registry.yarnpkg.com/debug/-/debug-4.1.1.tgz#3b72260255109c6b589cee050f1d516139664791"
  integrity sha512-pYAIzeRo8J6KPEaJ0VWOh5Pzkbw/RetuzehGM7QRRX5he4fPHx2rdKMB256ehJCkX+XRQm16eZLqLNS8RSZXZw==
  dependencies:
    ms "^2.1.1"

double-ended-queue@^2.1.0-0:
  version "2.1.0-0"
  resolved "https://registry.yarnpkg.com/double-ended-queue/-/double-ended-queue-2.1.0-0.tgz#103d3527fd31528f40188130c841efdd78264e5c"
  integrity sha1-ED01J/0xUo9AGIEwyEHv3XgmTlw=

ms@^2.1.1:
  version "2.1.1"
  resolved "https://registry.yarnpkg.com/ms/-/ms-2.1.1.tgz#30a5864eb3ebb0a66f2ebe6d727af06a09d86e0a"
  integrity sha512-tgp+dl5cGk28utYktBsrFqA7HKgrhgPsg6Z/EfhWI4gl1Hwq8B/GmY/0oXZ6nF8hDVesS/FpnYaD/kOWhYQvyg==

node-redis-pubsub@^4.0.0:
  version "4.0.0"
  resolved "https://registry.yarnpkg.com/node-redis-pubsub/-/node-redis-pubsub-4.0.0.tgz#1d067ed22ce01cdc5e8cde3aaa826c46b65c9968"
  integrity sha512-sAUOzisio/8UYCRbjPo6+u7aTpBmxSBjTJYwu49x9KruIQgi//wbEnvbqGSH5JWViP7HyQSMtkHUcZXH7qGsOQ==
  dependencies:
    redis "^2.7.1"

redis-commands@^1.2.0:
  version "1.4.0"
  resolved "https://registry.yarnpkg.com/redis-commands/-/redis-commands-1.4.0.tgz#52f9cf99153efcce56a8f86af986bd04e988602f"
  integrity sha512-cu8EF+MtkwI4DLIT0x9P8qNTLFhQD4jLfxLR0cCNkeGzs87FN6879JOJwNQR/1zD7aSYNbU0hgsV9zGY71Itvw==

redis-parser@^2.6.0:
  version "2.6.0"
  resolved "https://registry.yarnpkg.com/redis-parser/-/redis-parser-2.6.0.tgz#52ed09dacac108f1a631c07e9b69941e7a19504b"
  integrity sha1-Uu0J2srBCPGmMcB+m2mUHnoZUEs=

redis@^2.7.1:
  version "2.8.0"
  resolved "https://registry.yarnpkg.com/redis/-/redis-2.8.0.tgz#202288e3f58c49f6079d97af7a10e1303ae14b02"
  integrity sha512-M1OkonEQwtRmZv4tEWF2VgpG0JWJ8Fv1PhlgT5+B+uNq2cA3Rt1Yt/ryoR+vQNOQcIEgdCdfH0jr3bDpihAw1A==
  dependencies:
    double-ended-queue "^2.1.0-0"
    redis-commands "^1.2.0"
    redis-parser "^2.6.0"

redlock@^3.1.2:
  version "3.1.2"
  resolved "https://registry.yarnpkg.com/redlock/-/redlock-3.1.2.tgz#27c82534da8548027aa8d61084a08078ae74ed36"
  integrity sha512-CKXhOvLd4In5QOfbcF0GIcSsa+pL9JPZd+eKeMk/Sydxh93NUNtwQMTIKFqwPu3PjEgDStwYFJTurVzNA33pZw==
  dependencies:
    bluebird "^3.3.3"

redux-socket-client@^0.1.0:
  version "0.1.0"
  resolved "https://registry.yarnpkg.com/redux-socket-client/-/redux-socket-client-0.1.0.tgz#1bf322528509e99f9b7b461e8a5c4705dea99e08"
  integrity sha512-mUHaeCcz84WEB2MJj3Uc5LU55jbEHs3E30nSvpN/UKDVhCu5/UP1KNPHk+jl4AVrWCa9QKHliUA0Zpe+XzcPsA==
